
Microsoft Visual Studio Solution File, Format Version 12.00
# Visual Studio 15
Project("{FAE04EC0-301F-11D3-BF4B-00C04F79EFBC}") = "Scena.Plugins", "Scena.Plugins.csproj", "{C80A8BFB-E7A8-F41E-49F3-CB0068FBC3D2}"
EndProject
Project("{FAE04EC0-301F-11D3-BF4B-00C04F79EFBC}") = "Scena.Editor.Plugins", "Scena.Editor.Plugins.csproj", "{7356737D-D47A-7A7A-CB84-7D217A844235}"
EndProject
Global
	GlobalSection(SolutionConfigurationPlatforms) = preSolution
		Debug|Any CPU = Debug|Any CPU
		Release|Any CPU = Release|Any CPU
	EndGlobalSection
	GlobalSection(ProjectConfigurationPlatforms) = postSolution
		{C80A8BFB-E7A8-F41E-49F3-CB0068FBC3D2}.Debug|Any CPU.ActiveCfg = Debug|Any CPU
		{C80A8BFB-E7A8-F41E-49F3-CB0068FBC3D2}.Debug|Any CPU.Build.0 = Debug|Any CPU
		{C80A8BFB-E7A8-F41E-49F3-CB0068FBC3D2}.Release|Any CPU.ActiveCfg = Release|Any CPU
		{C80A8BFB-E7A8-F41E-49F3-CB0068FBC3D2}.Release|Any CPU.Build.0 = Release|Any CPU
		{7356737D-D47A-7A7A-CB84-7D217A844235}.Debug|Any CPU.ActiveCfg = Debug|Any CPU
		{7356737D-D47A-7A7A-CB84-7D217A844235}.Debug|Any CPU.Build.0 = Debug|Any CPU
		{7356737D-D47A-7A7A-CB84-7D217A844235}.Release|Any CPU.ActiveCfg = Release|Any CPU
		{7356737D-D47A-7A7A-CB84-7D217A844235}.Release|Any CPU.Build.0 = Release|Any CPU
	EndGlobalSection
	GlobalSection(SolutionProperties) = preSolution
		HideSolutionNode = FALSE
	EndGlobalSection
EndGlobal
